
Microsoft Visual Studio Solution File, Format Version 12.00
# Visual Studio 15
Project("{FAE04EC0-301F-11D3-BF4B-00C04F79EFBC}") = "Ink-Libraries", "Ink-Libraries.csproj", "{C34445DD-21DA-C08C-C9CE-CBCD091F1627}"
EndProject
Project("{FAE04EC0-301F-11D3-BF4B-00C04F79EFBC}") = "Assembly-CSharp", "Assembly-CSharp.csproj", "{620BF1A5-0A2F-A35F-42C7-05DB8EE2F53E}"
EndProject
Project("{FAE04EC0-301F-11D3-BF4B-00C04F79EFBC}") = "InkEditor", "InkEditor.csproj", "{742AAC30-4941-55BA-B01A-F3DF4A3A16C3}"
EndProject
Project("{FAE04EC0-301F-11D3-BF4B-00C04F79EFBC}") = "Assembly-CSharp-Editor", "Assembly-CSharp-Editor.csproj", "{F350211A-7230-C84A-62AF-89A48D317538}"
EndProject
Global
	GlobalSection(SolutionConfigurationPlatforms) = preSolution
		Debug|Any CPU = Debug|Any CPU
		Release|Any CPU = Release|Any CPU
	EndGlobalSection
	GlobalSection(ProjectConfigurationPlatforms) = postSolution
		{C34445DD-21DA-C08C-C9CE-CBCD091F1627}.Debug|Any CPU.ActiveCfg = Debug|Any CPU
		{C34445DD-21DA-C08C-C9CE-CBCD091F1627}.Debug|Any CPU.Build.0 = Debug|Any CPU
		{C34445DD-21DA-C08C-C9CE-CBCD091F1627}.Release|Any CPU.ActiveCfg = Release|Any CPU
		{C34445DD-21DA-C08C-C9CE-CBCD091F1627}.Release|Any CPU.Build.0 = Release|Any CPU
		{620BF1A5-0A2F-A35F-42C7-05DB8EE2F53E}.Debug|Any CPU.ActiveCfg = Debug|Any CPU
		{620BF1A5-0A2F-A35F-42C7-05DB8EE2F53E}.Debug|Any CPU.Build.0 = Debug|Any CPU
		{620BF1A5-0A2F-A35F-42C7-05DB8EE2F53E}.Release|Any CPU.ActiveCfg = Release|Any CPU
		{620BF1A5-0A2F-A35F-42C7-05DB8EE2F53E}.Release|Any CPU.Build.0 = Release|Any CPU
		{742AAC30-4941-55BA-B01A-F3DF4A3A16C3}.Debug|Any CPU.ActiveCfg = Debug|Any CPU
		{742AAC30-4941-55BA-B01A-F3DF4A3A16C3}.Debug|Any CPU.Build.0 = Debug|Any CPU
		{742AAC30-4941-55BA-B01A-F3DF4A3A16C3}.Release|Any CPU.ActiveCfg = Release|Any CPU
		{742AAC30-4941-55BA-B01A-F3DF4A3A16C3}.Release|Any CPU.Build.0 = Release|Any CPU
		{F350211A-7230-C84A-62AF-89A48D317538}.Debug|Any CPU.ActiveCfg = Debug|Any CPU
		{F350211A-7230-C84A-62AF-89A48D317538}.Debug|Any CPU.Build.0 = Debug|Any CPU
		{F350211A-7230-C84A-62AF-89A48D317538}.Release|Any CPU.ActiveCfg = Release|Any CPU
		{F350211A-7230-C84A-62AF-89A48D317538}.Release|Any CPU.Build.0 = Release|Any CPU
	EndGlobalSection
	GlobalSection(SolutionProperties) = preSolution
		HideSolutionNode = FALSE
	EndGlobalSection
EndGlobal
